// !$*UTF8*$!
{
	archiveVersion = 1;
	classes = {
	};
	objectVersion = 56;
	objects = {

/* Begin PBXBuildFile section */
		2F3161A92B969E41005F0023 /* productTableViewCell.swift in Sources */ = {isa = PBXBuildFile; fileRef = 2F3161A82B969E41005F0023 /* productTableViewCell.swift */; };
		2F3161AB2B96B8D7005F0023 /* managerViewController.swift in Sources */ = {isa = PBXBuildFile; fileRef = 2F3161AA2B96B8D7005F0023 /* managerViewController.swift */; };
		2F3161AD2B96BE84005F0023 /* History.swift in Sources */ = {isa = PBXBuildFile; fileRef = 2F3161AC2B96BE84005F0023 /* History.swift */; };
		2F3161AF2B96C377005F0023 /* historyViewController.swift in Sources */ = {isa = PBXBuildFile; fileRef = 2F3161AE2B96C377005F0023 /* historyViewController.swift */; };
		2F8E16672B86F5D10024735E /* AppDelegate.swift in Sources */ = {isa = PBXBuildFile; fileRef = 2F8E16662B86F5D10024735E /* AppDelegate.swift */; };
		2F8E16692B86F5D10024735E /* SceneDelegate.swift in Sources */ = {isa = PBXBuildFile; fileRef = 2F8E16682B86F5D10024735E /* SceneDelegate.swift */; };
		2F8E166B2B86F5D10024735E /* ViewController.swift in Sources */ = {isa = PBXBuildFile; fileRef = 2F8E166A2B86F5D10024735E /* ViewController.swift */; };
		2F8E166E2B86F5D10024735E /* Main.storyboard in Resources */ = {isa = PBXBuildFile; fileRef = 2F8E166C2B86F5D10024735E /* Main.storyboard */; };
		2F8E16702B86F5D20024735E /* Assets.xcassets in Resources */ = {isa = PBXBuildFile; fileRef = 2F8E166F2B86F5D20024735E /* Assets.xcassets */; };
		2F8E16732B86F5D20024735E /* LaunchScreen.storyboard in Resources */ = {isa = PBXBuildFile; fileRef = 2F8E16712B86F5D20024735E /* LaunchScreen.storyboard */; };
		2FDEBF302B88519800189AD3 /* Products.swift in Sources */ = {isa = PBXBuildFile; fileRef = 2FDEBF2F2B88519800189AD3 /* Products.swift */; };
/* End PBXBuildFile section */

/* Begin PBXFileReference section */
		2F3161A82B969E41005F0023 /* productTableViewCell.swift */ = {isa = PBXFileReference; lastKnownFileType = sourcecode.swift; path = productTableViewCell.swift; sourceTree = "<group>"; };
		2F3161AA2B96B8D7005F0023 /* managerViewController.swift */ = {isa = PBXFileReference; lastKnownFileType = sourcecode.swift; path = managerViewController.swift; sourceTree = "<group>"; };
		2F3161AC2B96BE84005F0023 /* History.swift */ = {isa = PBXFileReference; lastKnownFileType = sourcecode.swift; path = History.swift; sourceTree = "<group>"; };
		2F3161AE2B96C377005F0023 /* historyViewController.swift */ = {isa = PBXFileReference; lastKnownFileType = sourcecode.swift; path = historyViewController.swift; sourceTree = "<group>"; };
		2F8E16632B86F5D10024735E /* iOS-Assignment2.app */ = {isa = PBXFileReference; explicitFileType = wrapper.application; includeInIndex = 0; path = "iOS-Assignment2.app"; sourceTree = BUILT_PRODUCTS_DIR; };
		2F8E16662B86F5D10024735E /* AppDelegate.swift */ = {isa = PBXFileReference; lastKnownFileType = sourcecode.swift; path = AppDelegate.swift; sourceTree = "<group>"; };
		2F8E16682B86F5D10024735E /* SceneDelegate.swift */ = {isa = PBXFileReference; lastKnownFileType = sourcecode.swift; path = SceneDelegate.swift; sourceTree = "<group>"; };
		2F8E166A2B86F5D10024735E /* ViewController.swift */ = {isa = PBXFileReference; lastKnownFileType = sourcecode.swift; path = ViewController.swift; sourceTree = "<group>"; };
		2F8E166D2B86F5D10024735E /* Base */ = {isa = PBXFileReference; lastKnownFileType = file.storyboard; name = Base; path = Base.lproj/Main.storyboard; sourceTree = "<group>"; };
		2F8E166F2B86F5D20024735E /* Assets.xcassets */ = {isa = PBXFileReference; lastKnownFileType = folder.assetcatalog; path = Assets.xcassets; sourceTree = "<group>"; };
		2F8E16722B86F5D20024735E /* Base */ = {isa = PBXFileReference; lastKnownFileType = file.storyboard; name = Base; path = Base.lproj/LaunchScreen.storyboard; sourceTree = "<group>"; };
		2F8E16742B86F5D20024735E /* Info.plist */ = {isa = PBXFileReference; lastKnownFileType = text.plist.xml; path = Info.plist; sourceTree = "<group>"; };
		2FDEBF2F2B88519800189AD3 /* Products.swift */ = {isa = PBXFileReference; lastKnownFileType = sourcecode.swift; path = Products.swift; sourceTree = "<group>"; };
/* End PBXFileReference section */

/* Begin PBXFrameworksBuildPhase section */
		2F8E16602B86F5D10024735E /* Frameworks */ = {
			isa = PBXFrameworksBuildPhase;
			buildActionMask = 2147483647;
			files = (
			);
			runOnlyForDeploymentPostprocessing = 0;
		};
/* End PBXFrameworksBuildPhase section */

/* Begin PBXGroup section */
		2F8E165A2B86F5D10024735E = {
			isa = PBXGroup;
			children = (
				2F8E16652B86F5D10024735E /* iOS-Assignment2 */,
				2F8E16642B86F5D10024735E /* Products */,
			);
			sourceTree = "<group>";
		};
		2F8E16642B86F5D10024735E /* Products */ = {
			isa = PBXGroup;
			children = (
				2F8E16632B86F5D10024735E /* iOS-Assignment2.app */,
			);
			name = Products;
			sourceTree = "<group>";
		};
		2F8E16652B86F5D10024735E /* iOS-Assignment2 */ = {
			isa = PBXGroup;
			children = (
				2F8E16662B86F5D10024735E /* AppDelegate.swift */,
				2F8E16682B86F5D10024735E /* SceneDelegate.swift */,
				2F8E166A2B86F5D10024735E /* ViewController.swift */,
				2F8E166C2B86F5D10024735E /* Main.storyboard */,
				2F8E166F2B86F5D20024735E /* Assets.xcassets */,
				2F8E16712B86F5D20024735E /* LaunchScreen.storyboard */,
				2F8E16742B86F5D20024735E /* Info.plist */,
				2FDEBF2F2B88519800189AD3 /* Products.swift */,
				2F3161A82B969E41005F0023 /* productTableViewCell.swift */,
				2F3161AA2B96B8D7005F0023 /* managerViewController.swift */,
				2F3161AC2B96BE84005F0023 /* History.swift */,
				2F3161AE2B96C377005F0023 /* historyViewController.swift */,
			);
			path = "iOS-Assignment2";
			sourceTree = "<group>";
		};
/* End PBXGroup section */

/* Begin PBXNativeTarget section */
		2F8E16622B86F5D10024735E /* iOS-Assignment2 */ = {
			isa = PBXNativeTarget;
			buildConfigurationList = 2F8E16772B86F5D20024735E /* Build configuration list for PBXNativeTarget "iOS-Assignment2" */;
			buildPhases = (
				2F8E165F2B86F5D10024735E /* Sources */,
				2F8E16602B86F5D10024735E /* Frameworks */,
				2F8E16612B86F5D10024735E /* Resources */,
			);
			buildRules = (
			);
			dependencies = (
			);
			name = "iOS-Assignment2";
			productName = "iOS-Assignment2";
			productReference = 2F8E16632B86F5D10024735E /* iOS-Assignment2.app */;
			productType = "com.apple.product-type.application";
		};
/* End PBXNativeTarget section */

/* Begin PBXProject section */
		2F8E165B2B86F5D10024735E /* Project object */ = {
			isa = PBXProject;
			attributes = {
				BuildIndependentTargetsInParallel = 1;
				LastSwiftUpdateCheck = 1420;
				LastUpgradeCheck = 1420;
				TargetAttributes = {
					2F8E16622B86F5D10024735E = {
						CreatedOnToolsVersion = 14.2;
					};
				};
			};
			buildConfigurationList = 2F8E165E2B86F5D10024735E /* Build configuration list for PBXProject "iOS-Assignment2" */;
			compatibilityVersion = "Xcode 14.0";
			developmentRegion = en;
			hasScannedForEncodings = 0;
			knownRegions = (
				en,
				Base,
			);
			mainGroup = 2F8E165A2B86F5D10024735E;
			productRefGroup = 2F8E16642B86F5D10024735E /* Products */;
			projectDirPath = "";
			projectRoot = "";
			targets = (
				2F8E16622B86F5D10024735E /* iOS-Assignment2 */,
			);
		};
/* End PBXProject section */

/* Begin PBXResourcesBuildPhase section */
		2F8E16612B86F5D10024735E /* Resources */ = {
			isa = PBXResourcesBuildPhase;
			buildActionMask = 2147483647;
			files = (
				2F8E16732B86F5D20024735E /* LaunchScreen.storyboard in Resources */,
				2F8E16702B86F5D20024735E /* Assets.xcassets in Resources */,
				2F8E166E2B86F5D10024735E /* Main.storyboard in Resources */,
			);
			runOnlyForDeploymentPostprocessing = 0;
		};
/* End PBXResourcesBuildPhase section */

/* Begin PBXSourcesBuildPhase section */
		2F8E165F2B86F5D10024735E /* Sources */ = {
			isa = PBXSourcesBuildPhase;
			buildActionMask = 2147483647;
			files = (
				2F8E166B2B86F5D10024735E /* ViewController.swift in Sources */,
				2FDEBF302B88519800189AD3 /* Products.swift in Sources */,
				2F3161AD2B96BE84005F0023 /* History.swift in Sources */,
				2F3161AB2B96B8D7005F0023 /* managerViewController.swift in Sources */,
				2F3161A92B969E41005F0023 /* productTableViewCell.swift in Sources */,
				2F8E16672B86F5D10024735E /* AppDelegate.swift in Sources */,
				2F8E16692B86F5D10024735E /* SceneDelegate.swift in Sources */,
				2F3161AF2B96C377005F0023 /* historyViewController.swift in Sources */,
			);
			runOnlyForDeploymentPostprocessing = 0;
		};
/* End PBXSourcesBuildPhase section */

/* Begin PBXVariantGroup section */
		2F8E166C2B86F5D10024735E /* Main.storyboard */ = {
			isa = PBXVariantGroup;
			children = (
				2F8E166D2B86F5D10024735E /* Base */,
			);
			name = Main.storyboard;
			sourceTree = "<group>";
		};
		2F8E16712B86F5D20024735E /* LaunchScreen.storyboard */ = {
			isa = PBXVariantGroup;
			children = (
				2F8E16722B86F5D20024735E /* Base */,
			);
			name = LaunchScreen.storyboard;
			sourceTree = "<group>";
		};
/* End PBXVariantGroup section */

/* Begin XCBuildConfiguration section */
		2F8E16752B86F5D20024735E /* Debug */ = {
			isa = XCBuildConfiguration;
			buildSettings = {
				ALWAYS_SEARCH_USER_PATHS = NO;
				CLANG_ANALYZER_NONNULL = YES;
				CLANG_ANALYZER_NUMBER_OBJECT_CONVERSION = YES_AGGRESSIVE;
				CLANG_CXX_LANGUAGE_STANDARD = "gnu++20";
				CLANG_ENABLE_MODULES = YES;
				CLANG_ENABLE_OBJC_ARC = YES;
				CLANG_ENABLE_OBJC_WEAK = YES;
				CLANG_WARN_BLOCK_CAPTURE_AUTORELEASING = YES;
				CLANG_WARN_BOOL_CONVERSION = YES;
				CLANG_WARN_COMMA = YES;
				CLANG_WARN_CONSTANT_CONVERSION = YES;
				CLANG_WARN_DEPRECATED_OBJC_IMPLEMENTATIONS = YES;
				CLANG_WARN_DIRECT_OBJC_ISA_USAGE = YES_ERROR;
				CLANG_WARN_DOCUMENTATION_COMMENTS = YES;
				CLANG_WARN_EMPTY_BODY = YES;
				CLANG_WARN_ENUM_CONVERSION = YES;
				CLANG_WARN_INFINITE_RECURSION = YES;
				CLANG_WARN_INT_CONVERSION = YES;
				CLANG_WARN_NON_LITERAL_NULL_CONVERSION = YES;
				CLANG_WARN_OBJC_IMPLICIT_RETAIN_SELF = YES;
				CLANG_WARN_OBJC_LITERAL_CONVERSION = YES;
				CLANG_WARN_OBJC_ROOT_CLASS = YES_ERROR;
				CLANG_WARN_QUOTED_INCLUDE_IN_FRAMEWORK_HEADER = YES;
				CLANG_WARN_RANGE_LOOP_ANALYSIS = YES;
				CLANG_WARN_STRICT_PROTOTYPES = YES;
				CLANG_WARN_SUSPICIOUS_MOVE = YES;
				CLANG_WARN_UNGUARDED_AVAILABILITY = YES_AGGRESSIVE;
				CLANG_WARN_UNREACHABLE_CODE = YES;
				CLANG_WARN__DUPLICATE_METHOD_MATCH = YES;
				COPY_PHASE_STRIP = NO;
				DEBUG_INFORMATION_FORMAT = dwarf;
				ENABLE_STRICT_OBJC_MSGSEND = YES;
				ENABLE_TESTABILITY = YES;
				GCC_C_LANGUAGE_STANDARD = gnu11;
				GCC_DYNAMIC_NO_PIC = NO;
				GCC_NO_COMMON_BLOCKS = YES;
				GCC_OPTIMIZATION_LEVEL = 0;
				GCC_PREPROCESSOR_DEFINITIONS = (
					"DEBUG=1",
					"$(inherited)",
				);
				GCC_WARN_64_TO_32_BIT_CONVERSION = YES;
				GCC_WARN_ABOUT_RETURN_TYPE = YES_ERROR;
				GCC_WARN_UNDECLARED_SELECTOR = YES;
				GCC_WARN_UNINITIALIZED_AUTOS = YES_AGGRESSIVE;
				GCC_WARN_UNUSED_FUNCTION = YES;
				GCC_WARN_UNUSED_VARIABLE = YES;
				IPHONEOS_DEPLOYMENT_TARGET = 16.2;
				MTL_ENABLE_DEBUG_INFO = INCLUDE_SOURCE;
				MTL_FAST_MATH = YES;
				ONLY_ACTIVE_ARCH = YES;
				SDKROOT = iphoneos;
				SWIFT_ACTIVE_COMPILATION_CONDITIONS = DEBUG;
				SWIFT_OPTIMIZATION_LEVEL = "-Onone";
			};
			name = Debug;
		};
		2F8E16762B86F5D20024735E /* Release */ = {
			isa = XCBuildConfiguration;
			buildSettings = {
				ALWAYS_SEARCH_USER_PATHS = NO;
				CLANG_ANALYZER_NONNULL = YES;
				CLANG_ANALYZER_NUMBER_OBJECT_CONVERSION = YES_AGGRESSIVE;
				CLANG_CXX_LANGUAGE_STANDARD = "gnu++20";
				CLANG_ENABLE_MODULES = YES;
				CLANG_ENABLE_OBJC_ARC = YES;
				CLANG_ENABLE_OBJC_WEAK = YES;
				CLANG_WARN_BLOCK_CAPTURE_AUTORELEASING = YES;
				CLANG_WARN_BOOL_CONVERSION = YES;
				CLANG_WARN_COMMA = YES;
				CLANG_WARN_CONSTANT_CONVERSION = YES;
				CLANG_WARN_DEPRECATED_OBJC_IMPLEMENTATIONS = YES;
				CLANG_WARN_DIRECT_OBJC_ISA_USAGE = YES_ERROR;
				CLANG_WARN_DOCUMENTATION_COMMENTS = YES;
				CLANG_WARN_EMPTY_BODY = YES;
				CLANG_WARN_ENUM_CONVERSION = YES;
				CLANG_WARN_INFINITE_RECURSION = YES;
				CLANG_WARN_INT_CONVERSION = YES;
				CLANG_WARN_NON_LITERAL_NULL_CONVERSION = YES;
				CLANG_WARN_OBJC_IMPLICIT_RETAIN_SELF = YES;
				CLANG_WARN_OBJC_LITERAL_CONVERSION = YES;
				CLANG_WARN_OBJC_ROOT_CLASS = YES_ERROR;
				CLANG_WARN_QUOTED_INCLUDE_IN_FRAMEWORK_HEADER = YES;
				CLANG_WARN_RANGE_LOOP_ANALYSIS = YES;
				CLANG_WARN_STRICT_PROTOTYPES = YES;
				CLANG_WARN_SUSPICIOUS_MOVE = YES;
				CLANG_WARN_UNGUARDED_AVAILABILITY = YES_AGGRESSIVE;
				CLANG_WARN_UNREACHABLE_CODE = YES;
				CLANG_WARN__DUPLICATE_METHOD_MATCH = YES;
				COPY_PHASE_STRIP = NO;
				DEBUG_INFORMATION_FORMAT = "dwarf-with-dsym";
				ENABLE_NS_ASSERTIONS = NO;
				ENABLE_STRICT_OBJC_MSGSEND = YES;
				GCC_C_LANGUAGE_STANDARD = gnu11;
				GCC_NO_COMMON_BLOCKS = YES;
				GCC_WARN_64_TO_32_BIT_CONVERSION = YES;
				GCC_WARN_ABOUT_RETURN_TYPE = YES_ERROR;
				GCC_WARN_UNDECLARED_SELECTOR = YES;
				GCC_WARN_UNINITIALIZED_AUTOS = YES_AGGRESSIVE;
				GCC_WARN_UNUSED_FUNCTION = YES;
				GCC_WARN_UNUSED_VARIABLE = YES;
				IPHONEOS_DEPLOYMENT_TARGET = 16.2;
				MTL_ENABLE_DEBUG_INFO = NO;
				MTL_FAST_MATH = YES;
				SDKROOT = iphoneos;
				SWIFT_COMPILATION_MODE = wholemodule;
				SWIFT_OPTIMIZATION_LEVEL = "-O";
				VALIDATE_PRODUCT = YES;
			};
			name = Release;
		};
		2F8E16782B86F5D20024735E /* Debug */ = {
			isa = XCBuildConfiguration;
			buildSettings = {
				ASSETCATALOG_COMPILER_APPICON_NAME = AppIcon;
				ASSETCATALOG_COMPILER_GLOBAL_ACCENT_COLOR_NAME = AccentColor;
				CODE_SIGN_STYLE = Automatic;
				CURRENT_PROJECT_VERSION = 1;
				GENERATE_INFOPLIST_FILE = YES;
				INFOPLIST_FILE = "iOS-Assignment2/Info.plist";
				INFOPLIST_KEY_UIApplicationSupportsIndirectInputEvents = YES;
				INFOPLIST_KEY_UILaunchStoryboardName = LaunchScreen;
				INFOPLIST_KEY_UIMainStoryboardFile = Main;
				INFOPLIST_KEY_UISupportedInterfaceOrientations_iPad = "UIInterfaceOrientationPortrait UIInterfaceOrientationPortraitUpsideDown UIInterfaceOrientationLandscapeLeft UIInterfaceOrientationLandscapeRight";
				INFOPLIST_KEY_UISupportedInterfaceOrientations_iPhone = "UIInterfaceOrientationPortrait UIInterfaceOrientationLandscapeLeft UIInterfaceOrientationLandscapeRight";
				LD_RUNPATH_SEARCH_PATHS = (
					"$(inherited)",
					"@executable_path/Frameworks",
				);
				MARKETING_VERSION = 1.0;
				PRODUCT_BUNDLE_IDENTIFIER = "humber.iOS-Assignment2";
				PRODUCT_NAME = "$(TARGET_NAME)";
				SWIFT_EMIT_LOC_STRINGS = YES;
				SWIFT_VERSION = 5.0;
				TARGETED_DEVICE_FAMILY = "1,2";
			};
			name = Debug;
		};
		2F8E16792B86F5D20024735E /* Release */ = {
			isa = XCBuildConfiguration;
			buildSettings = {
				ASSETCATALOG_COMPILER_APPICON_NAME = AppIcon;
				ASSETCATALOG_COMPILER_GLOBAL_ACCENT_COLOR_NAME = AccentColor;
				CODE_SIGN_STYLE = Automatic;
				CURRENT_PROJECT_VERSION = 1;
				GENERATE_INFOPLIST_FILE = YES;
				INFOPLIST_FILE = "iOS-Assignment2/Info.plist";
				INFOPLIST_KEY_UIApplicationSupportsIndirectInputEvents = YES;
				INFOPLIST_KEY_UILaunchStoryboardName = LaunchScreen;
				INFOPLIST_KEY_UIMainStoryboardFile = Main;
				INFOPLIST_KEY_UISupportedInterfaceOrientations_iPad = "UIInterfaceOrientationPortrait UIInterfaceOrientationPortraitUpsideDown UIInterfaceOrientationLandscapeLeft UIInterfaceOrientationLandscapeRight";
				INFOPLIST_KEY_UISupportedInterfaceOrientations_iPhone = "UIInterfaceOrientationPortrait UIInterfaceOrientationLandscapeLeft UIInterfaceOrientationLandscapeRight";
				LD_RUNPATH_SEARCH_PATHS = (
					"$(inherited)",
					"@executable_path/Frameworks",
				);
				MARKETING_VERSION = 1.0;
				PRODUCT_BUNDLE_IDENTIFIER = "humber.iOS-Assignment2";
				PRODUCT_NAME = "$(TARGET_NAME)";
				SWIFT_EMIT_LOC_STRINGS = YES;
				SWIFT_VERSION = 5.0;
				TARGETED_DEVICE_FAMILY = "1,2";
			};
			name = Release;
		};
/* End XCBuildConfiguration section */

/* Begin XCConfigurationList section */
		2F8E165E2B86F5D10024735E /* Build configuration list for PBXProject "iOS-Assignment2" */ = {
			isa = XCConfigurationList;
			buildConfigurations = (
				2F8E16752B86F5D20024735E /* Debug */,
				2F8E16762B86F5D20024735E /* Release */,
			);
			defaultConfigurationIsVisible = 0;
			defaultConfigurationName = Release;
		};
		2F8E16772B86F5D20024735E /* Build configuration list for PBXNativeTarget "iOS-Assignment2" */ = {
			isa = XCConfigurationList;
			buildConfigurations = (
				2F8E16782B86F5D20024735E /* Debug */,
				2F8E16792B86F5D20024735E /* Release */,
			);
			defaultConfigurationIsVisible = 0;
			defaultConfigurationName = Release;
		};
/* End XCConfigurationList section */
	};
	rootObject = 2F8E165B2B86F5D10024735E /* Project object */;
}
